
Microsoft Visual Studio Solution File, Format Version 12.00
# Visual Studio Version 17
VisualStudioVersion = 17.3.32825.248
MinimumVisualStudioVersion = 10.0.40219.1
Project("{9A19103F-16F7-4668-BE54-9A1E7A4F7556}") = "TicketsAPI", "TicketsAPI\TicketsAPI.csproj", "{2D14C6BB-443C-43A0-BFEA-37730CF746E5}"
EndProject
Project("{9A19103F-16F7-4668-BE54-9A1E7A4F7556}") = "Core", "Core\Core.csproj", "{63D647C4-BEDC-45B2-8867-3E59DDB144A7}"
EndProject
Project("{9A19103F-16F7-4668-BE54-9A1E7A4F7556}") = "DataStore.EF", "DataStore.EF\DataStore.EF.csproj", "{1EEF8163-6B57-44F9-B23A-4D55B01574D5}"
EndProject
Project("{FAE04EC0-301F-11D3-BF4B-00C04F79EFBC}") = "TicketsAccess.Repository", "TicketsAccess.Repository\TicketsAccess.Repository.csproj", "{8BF15A10-CABB-4CC8-9F5B-29AF042A1C59}"
EndProject
Global
	GlobalSection(SolutionConfigurationPlatforms) = preSolution
		Debug|Any CPU = Debug|Any CPU
		Release|Any CPU = Release|Any CPU
	EndGlobalSection
	GlobalSection(ProjectConfigurationPlatforms) = postSolution
		{2D14C6BB-443C-43A0-BFEA-37730CF746E5}.Debug|Any CPU.ActiveCfg = Debug|Any CPU
		{2D14C6BB-443C-43A0-BFEA-37730CF746E5}.Debug|Any CPU.Build.0 = Debug|Any CPU
		{2D14C6BB-443C-43A0-BFEA-37730CF746E5}.Release|Any CPU.ActiveCfg = Release|Any CPU
		{2D14C6BB-443C-43A0-BFEA-37730CF746E5}.Release|Any CPU.Build.0 = Release|Any CPU
		{63D647C4-BEDC-45B2-8867-3E59DDB144A7}.Debug|Any CPU.ActiveCfg = Debug|Any CPU
		{63D647C4-BEDC-45B2-8867-3E59DDB144A7}.Debug|Any CPU.Build.0 = Debug|Any CPU
		{63D647C4-BEDC-45B2-8867-3E59DDB144A7}.Release|Any CPU.ActiveCfg = Release|Any CPU
		{63D647C4-BEDC-45B2-8867-3E59DDB144A7}.Release|Any CPU.Build.0 = Release|Any CPU
		{1EEF8163-6B57-44F9-B23A-4D55B01574D5}.Debug|Any CPU.ActiveCfg = Debug|Any CPU
		{1EEF8163-6B57-44F9-B23A-4D55B01574D5}.Debug|Any CPU.Build.0 = Debug|Any CPU
		{1EEF8163-6B57-44F9-B23A-4D55B01574D5}.Release|Any CPU.ActiveCfg = Release|Any CPU
		{1EEF8163-6B57-44F9-B23A-4D55B01574D5}.Release|Any CPU.Build.0 = Release|Any CPU
		{8BF15A10-CABB-4CC8-9F5B-29AF042A1C59}.Debug|Any CPU.ActiveCfg = Debug|Any CPU
		{8BF15A10-CABB-4CC8-9F5B-29AF042A1C59}.Debug|Any CPU.Build.0 = Debug|Any CPU
		{8BF15A10-CABB-4CC8-9F5B-29AF042A1C59}.Release|Any CPU.ActiveCfg = Release|Any CPU
		{8BF15A10-CABB-4CC8-9F5B-29AF042A1C59}.Release|Any CPU.Build.0 = Release|Any CPU
	EndGlobalSection
	GlobalSection(SolutionProperties) = preSolution
		HideSolutionNode = FALSE
	EndGlobalSection
	GlobalSection(ExtensibilityGlobals) = postSolution
		SolutionGuid = {7ED28DAA-3694-4116-82BE-EDABB46E69F1}
	EndGlobalSection
EndGlobal
